{
  "name": "@modrinth/daedalus",
  "lockfileVersion": 3,
  "requires": true,
  "packages": {
    "": {
      "name": "@modrinth/daedalus",
      "dependencies": {
        "@modrinth/daedalus": "file:"
      }
    },
    "node_modules/@modrinth/daedalus": {
      "resolved": "",
      "link": true
    }
  }
}
