{
  "name": "@modrinth/labrinth",
  "lockfileVersion": 3,
  "requires": true,
  "packages": {
    "": {
      "name": "@modrinth/labrinth",
      "dependencies": {
        "@modrinth/labrinth": "file:"
      }
    },
    "node_modules/@modrinth/labrinth": {
      "resolved": "",
      "link": true
    }
  }
}
