{
  "name": "@modrinth/app-lib",
  "lockfileVersion": 3,
  "requires": true,
  "packages": {
    "": {
      "name": "@modrinth/app-lib",
      "dependencies": {
        "@modrinth/app-lib": "file:"
      }
    },
    "node_modules/@modrinth/app-lib": {
      "resolved": "",
      "link": true
    }
  }
}
